// !$*UTF8*$!
{
	archiveVersion = 1;
	classes = {
	};
	objectVersion = 55;
	objects = {

/* Begin PBXBuildFile section */
		81B21F1727570B800058B32A /* DownloaderApp.swift in Sources */ = {isa = PBXBuildFile; fileRef = 81B21F1627570B800058B32A /* DownloaderApp.swift */; };
		81B21F1927570B800058B32A /* ContentView.swift in Sources */ = {isa = PBXBuildFile; fileRef = 81B21F1827570B800058B32A /* ContentView.swift */; };
		81B21F1B27570B810058B32A /* Assets.xcassets in Resources */ = {isa = PBXBuildFile; fileRef = 81B21F1A27570B810058B32A /* Assets.xcassets */; };
		81B21F1E27570B810058B32A /* Preview Assets.xcassets in Resources */ = {isa = PBXBuildFile; fileRef = 81B21F1D27570B810058B32A /* Preview Assets.xcassets */; };
		81B21F2927570B810058B32A /* DownloaderTests.swift in Sources */ = {isa = PBXBuildFile; fileRef = 81B21F2827570B810058B32A /* DownloaderTests.swift */; };
		81B21F3327570B820058B32A /* DownloaderUITests.swift in Sources */ = {isa = PBXBuildFile; fileRef = 81B21F3227570B820058B32A /* DownloaderUITests.swift */; };
		81B21F3527570B820058B32A /* DownloaderUITestsLaunchTests.swift in Sources */ = {isa = PBXBuildFile; fileRef = 81B21F3427570B820058B32A /* DownloaderUITestsLaunchTests.swift */; };
		81B21F4327570B910058B32A /* PythonKit in Frameworks */ = {isa = PBXBuildFile; productRef = 81B21F4227570B910058B32A /* PythonKit */; };
		81B21F4527570BA50058B32A /* Downloader.py in Resources */ = {isa = PBXBuildFile; fileRef = 81B21F4427570BA50058B32A /* Downloader.py */; };
		81B21F4727570DAE0058B32A /* PythonScript.swift in Sources */ = {isa = PBXBuildFile; fileRef = 81B21F4627570DAE0058B32A /* PythonScript.swift */; };
		81C2979F275837D0007EA359 /* YoutubeDL.py in Resources */ = {isa = PBXBuildFile; fileRef = 81C2979E275837D0007EA359 /* YoutubeDL.py */; };
/* End PBXBuildFile section */

/* Begin PBXContainerItemProxy section */
		81B21F2527570B810058B32A /* PBXContainerItemProxy */ = {
			isa = PBXContainerItemProxy;
			containerPortal = 81B21F0B27570B800058B32A /* Project object */;
			proxyType = 1;
			remoteGlobalIDString = 81B21F1227570B800058B32A;
			remoteInfo = Downloader;
		};
		81B21F2F27570B820058B32A /* PBXContainerItemProxy */ = {
			isa = PBXContainerItemProxy;
			containerPortal = 81B21F0B27570B800058B32A /* Project object */;
			proxyType = 1;
			remoteGlobalIDString = 81B21F1227570B800058B32A;
			remoteInfo = Downloader;
		};
/* End PBXContainerItemProxy section */

/* Begin PBXFileReference section */
		81B21F1327570B800058B32A /* Downloader.app */ = {isa = PBXFileReference; explicitFileType = wrapper.application; includeInIndex = 0; path = Downloader.app; sourceTree = BUILT_PRODUCTS_DIR; };
		81B21F1627570B800058B32A /* DownloaderApp.swift */ = {isa = PBXFileReference; lastKnownFileType = sourcecode.swift; path = DownloaderApp.swift; sourceTree = "<group>"; };
		81B21F1827570B800058B32A /* ContentView.swift */ = {isa = PBXFileReference; lastKnownFileType = sourcecode.swift; path = ContentView.swift; sourceTree = "<group>"; };
		81B21F1A27570B810058B32A /* Assets.xcassets */ = {isa = PBXFileReference; lastKnownFileType = folder.assetcatalog; path = Assets.xcassets; sourceTree = "<group>"; };
		81B21F1D27570B810058B32A /* Preview Assets.xcassets */ = {isa = PBXFileReference; lastKnownFileType = folder.assetcatalog; path = "Preview Assets.xcassets"; sourceTree = "<group>"; };
		81B21F1F27570B810058B32A /* Downloader.entitlements */ = {isa = PBXFileReference; lastKnownFileType = text.plist.entitlements; path = Downloader.entitlements; sourceTree = "<group>"; };
		81B21F2427570B810058B32A /* DownloaderTests.xctest */ = {isa = PBXFileReference; explicitFileType = wrapper.cfbundle; includeInIndex = 0; path = DownloaderTests.xctest; sourceTree = BUILT_PRODUCTS_DIR; };
		81B21F2827570B810058B32A /* DownloaderTests.swift */ = {isa = PBXFileReference; lastKnownFileType = sourcecode.swift; path = DownloaderTests.swift; sourceTree = "<group>"; };
		81B21F2E27570B820058B32A /* DownloaderUITests.xctest */ = {isa = PBXFileReference; explicitFileType = wrapper.cfbundle; includeInIndex = 0; path = DownloaderUITests.xctest; sourceTree = BUILT_PRODUCTS_DIR; };
		81B21F3227570B820058B32A /* DownloaderUITests.swift */ = {isa = PBXFileReference; lastKnownFileType = sourcecode.swift; path = DownloaderUITests.swift; sourceTree = "<group>"; };
		81B21F3427570B820058B32A /* DownloaderUITestsLaunchTests.swift */ = {isa = PBXFileReference; lastKnownFileType = sourcecode.swift; path = DownloaderUITestsLaunchTests.swift; sourceTree = "<group>"; };
		81B21F4427570BA50058B32A /* Downloader.py */ = {isa = PBXFileReference; lastKnownFileType = text.script.python; path = Downloader.py; sourceTree = "<group>"; };
		81B21F4627570DAE0058B32A /* PythonScript.swift */ = {isa = PBXFileReference; lastKnownFileType = sourcecode.swift; path = PythonScript.swift; sourceTree = "<group>"; };
		81C2979D27583441007EA359 /* YoutubeDL.py */ = {isa = PBXFileReference; lastKnownFileType = text.script.python; name = YoutubeDL.py; path = "../../../../../Library/Frameworks/Python.framework/Versions/3.10/lib/python3.10/site-packages/youtube_dl/YoutubeDL.py"; sourceTree = "<group>"; };
		81C2979E275837D0007EA359 /* YoutubeDL.py */ = {isa = PBXFileReference; lastKnownFileType = text.script.python; path = YoutubeDL.py; sourceTree = "<group>"; };
/* End PBXFileReference section */

/* Begin PBXFrameworksBuildPhase section */
		81B21F1027570B800058B32A /* Frameworks */ = {
			isa = PBXFrameworksBuildPhase;
			buildActionMask = 2147483647;
			files = (
				81B21F4327570B910058B32A /* PythonKit in Frameworks */,
			);
			runOnlyForDeploymentPostprocessing = 0;
		};
		81B21F2127570B810058B32A /* Frameworks */ = {
			isa = PBXFrameworksBuildPhase;
			buildActionMask = 2147483647;
			files = (
			);
			runOnlyForDeploymentPostprocessing = 0;
		};
		81B21F2B27570B820058B32A /* Frameworks */ = {
			isa = PBXFrameworksBuildPhase;
			buildActionMask = 2147483647;
			files = (
			);
			runOnlyForDeploymentPostprocessing = 0;
		};
/* End PBXFrameworksBuildPhase section */

/* Begin PBXGroup section */
		81B21F0A27570B800058B32A = {
			isa = PBXGroup;
			children = (
				81B21F1527570B800058B32A /* Downloader */,
				81B21F2727570B810058B32A /* DownloaderTests */,
				81B21F3127570B820058B32A /* DownloaderUITests */,
				81B21F1427570B800058B32A /* Products */,
				81C2979C275832F4007EA359 /* Frameworks */,
			);
			sourceTree = "<group>";
		};
		81B21F1427570B800058B32A /* Products */ = {
			isa = PBXGroup;
			children = (
				81B21F1327570B800058B32A /* Downloader.app */,
				81B21F2427570B810058B32A /* DownloaderTests.xctest */,
				81B21F2E27570B820058B32A /* DownloaderUITests.xctest */,
			);
			name = Products;
			sourceTree = "<group>";
		};
		81B21F1527570B800058B32A /* Downloader */ = {
			isa = PBXGroup;
			children = (
				81B21F1627570B800058B32A /* DownloaderApp.swift */,
				81B21F1827570B800058B32A /* ContentView.swift */,
				81B21F4627570DAE0058B32A /* PythonScript.swift */,
				81B21F4427570BA50058B32A /* Downloader.py */,
				81B21F1A27570B810058B32A /* Assets.xcassets */,
				81B21F1F27570B810058B32A /* Downloader.entitlements */,
				81C2979E275837D0007EA359 /* YoutubeDL.py */,
				81B21F1C27570B810058B32A /* Preview Content */,
			);
			path = Downloader;
			sourceTree = "<group>";
		};
		81B21F1C27570B810058B32A /* Preview Content */ = {
			isa = PBXGroup;
			children = (
				81B21F1D27570B810058B32A /* Preview Assets.xcassets */,
			);
			path = "Preview Content";
			sourceTree = "<group>";
		};
		81B21F2727570B810058B32A /* DownloaderTests */ = {
			isa = PBXGroup;
			children = (
				81B21F2827570B810058B32A /* DownloaderTests.swift */,
			);
			path = DownloaderTests;
			sourceTree = "<group>";
		};
		81B21F3127570B820058B32A /* DownloaderUITests */ = {
			isa = PBXGroup;
			children = (
				81B21F3227570B820058B32A /* DownloaderUITests.swift */,
				81B21F3427570B820058B32A /* DownloaderUITestsLaunchTests.swift */,
			);
			path = DownloaderUITests;
			sourceTree = "<group>";
		};
		81C2979C275832F4007EA359 /* Frameworks */ = {
			isa = PBXGroup;
			children = (
				81C2979D27583441007EA359 /* YoutubeDL.py */,
			);
			name = Frameworks;
			sourceTree = "<group>";
		};
/* End PBXGroup section */

/* Begin PBXNativeTarget section */
		81B21F1227570B800058B32A /* Downloader */ = {
			isa = PBXNativeTarget;
			buildConfigurationList = 81B21F3827570B820058B32A /* Build configuration list for PBXNativeTarget "Downloader" */;
			buildPhases = (
				81B21F0F27570B800058B32A /* Sources */,
				81B21F1027570B800058B32A /* Frameworks */,
				81B21F1127570B800058B32A /* Resources */,
			);
			buildRules = (
			);
			dependencies = (
			);
			name = Downloader;
			packageProductDependencies = (
				81B21F4227570B910058B32A /* PythonKit */,
			);
			productName = Downloader;
			productReference = 81B21F1327570B800058B32A /* Downloader.app */;
			productType = "com.apple.product-type.application";
		};
		81B21F2327570B810058B32A /* DownloaderTests */ = {
			isa = PBXNativeTarget;
			buildConfigurationList = 81B21F3B27570B820058B32A /* Build configuration list for PBXNativeTarget "DownloaderTests" */;
			buildPhases = (
				81B21F2027570B810058B32A /* Sources */,
				81B21F2127570B810058B32A /* Frameworks */,
				81B21F2227570B810058B32A /* Resources */,
			);
			buildRules = (
			);
			dependencies = (
				81B21F2627570B810058B32A /* PBXTargetDependency */,
			);
			name = DownloaderTests;
			productName = DownloaderTests;
			productReference = 81B21F2427570B810058B32A /* DownloaderTests.xctest */;
			productType = "com.apple.product-type.bundle.unit-test";
		};
		81B21F2D27570B820058B32A /* DownloaderUITests */ = {
			isa = PBXNativeTarget;
			buildConfigurationList = 81B21F3E27570B820058B32A /* Build configuration list for PBXNativeTarget "DownloaderUITests" */;
			buildPhases = (
				81B21F2A27570B820058B32A /* Sources */,
				81B21F2B27570B820058B32A /* Frameworks */,
				81B21F2C27570B820058B32A /* Resources */,
			);
			buildRules = (
			);
			dependencies = (
				81B21F3027570B820058B32A /* PBXTargetDependency */,
			);
			name = DownloaderUITests;
			productName = DownloaderUITests;
			productReference = 81B21F2E27570B820058B32A /* DownloaderUITests.xctest */;
			productType = "com.apple.product-type.bundle.ui-testing";
		};
/* End PBXNativeTarget section */

/* Begin PBXProject section */
		81B21F0B27570B800058B32A /* Project object */ = {
			isa = PBXProject;
			attributes = {
				BuildIndependentTargetsInParallel = 1;
				LastSwiftUpdateCheck = 1310;
				LastUpgradeCheck = 1310;
				TargetAttributes = {
					81B21F1227570B800058B32A = {
						CreatedOnToolsVersion = 13.1;
					};
					81B21F2327570B810058B32A = {
						CreatedOnToolsVersion = 13.1;
						TestTargetID = 81B21F1227570B800058B32A;
					};
					81B21F2D27570B820058B32A = {
						CreatedOnToolsVersion = 13.1;
						TestTargetID = 81B21F1227570B800058B32A;
					};
				};
			};
			buildConfigurationList = 81B21F0E27570B800058B32A /* Build configuration list for PBXProject "Downloader" */;
			compatibilityVersion = "Xcode 13.0";
			developmentRegion = en;
			hasScannedForEncodings = 0;
			knownRegions = (
				en,
				Base,
			);
			mainGroup = 81B21F0A27570B800058B32A;
			packageReferences = (
				81B21F4127570B910058B32A /* XCRemoteSwiftPackageReference "PythonKit" */,
			);
			productRefGroup = 81B21F1427570B800058B32A /* Products */;
			projectDirPath = "";
			projectRoot = "";
			targets = (
				81B21F1227570B800058B32A /* Downloader */,
				81B21F2327570B810058B32A /* DownloaderTests */,
				81B21F2D27570B820058B32A /* DownloaderUITests */,
			);
		};
/* End PBXProject section */

/* Begin PBXResourcesBuildPhase section */
		81B21F1127570B800058B32A /* Resources */ = {
			isa = PBXResourcesBuildPhase;
			buildActionMask = 2147483647;
			files = (
				81C2979F275837D0007EA359 /* YoutubeDL.py in Resources */,
				81B21F1E27570B810058B32A /* Preview Assets.xcassets in Resources */,
				81B21F4527570BA50058B32A /* Downloader.py in Resources */,
				81B21F1B27570B810058B32A /* Assets.xcassets in Resources */,
			);
			runOnlyForDeploymentPostprocessing = 0;
		};
		81B21F2227570B810058B32A /* Resources */ = {
			isa = PBXResourcesBuildPhase;
			buildActionMask = 2147483647;
			files = (
			);
			runOnlyForDeploymentPostprocessing = 0;
		};
		81B21F2C27570B820058B32A /* Resources */ = {
			isa = PBXResourcesBuildPhase;
			buildActionMask = 2147483647;
			files = (
			);
			runOnlyForDeploymentPostprocessing = 0;
		};
/* End PBXResourcesBuildPhase section */

/* Begin PBXSourcesBuildPhase section */
		81B21F0F27570B800058B32A /* Sources */ = {
			isa = PBXSourcesBuildPhase;
			buildActionMask = 2147483647;
			files = (
				81B21F1927570B800058B32A /* ContentView.swift in Sources */,
				81B21F1727570B800058B32A /* DownloaderApp.swift in Sources */,
				81B21F4727570DAE0058B32A /* PythonScript.swift in Sources */,
			);
			runOnlyForDeploymentPostprocessing = 0;
		};
		81B21F2027570B810058B32A /* Sources */ = {
			isa = PBXSourcesBuildPhase;
			buildActionMask = 2147483647;
			files = (
				81B21F2927570B810058B32A /* DownloaderTests.swift in Sources */,
			);
			runOnlyForDeploymentPostprocessing = 0;
		};
		81B21F2A27570B820058B32A /* Sources */ = {
			isa = PBXSourcesBuildPhase;
			buildActionMask = 2147483647;
			files = (
				81B21F3327570B820058B32A /* DownloaderUITests.swift in Sources */,
				81B21F3527570B820058B32A /* DownloaderUITestsLaunchTests.swift in Sources */,
			);
			runOnlyForDeploymentPostprocessing = 0;
		};
/* End PBXSourcesBuildPhase section */

/* Begin PBXTargetDependency section */
		81B21F2627570B810058B32A /* PBXTargetDependency */ = {
			isa = PBXTargetDependency;
			target = 81B21F1227570B800058B32A /* Downloader */;
			targetProxy = 81B21F2527570B810058B32A /* PBXContainerItemProxy */;
		};
		81B21F3027570B820058B32A /* PBXTargetDependency */ = {
			isa = PBXTargetDependency;
			target = 81B21F1227570B800058B32A /* Downloader */;
			targetProxy = 81B21F2F27570B820058B32A /* PBXContainerItemProxy */;
		};
/* End PBXTargetDependency section */

/* Begin XCBuildConfiguration section */
		81B21F3627570B820058B32A /* Debug */ = {
			isa = XCBuildConfiguration;
			buildSettings = {
				ALWAYS_SEARCH_USER_PATHS = NO;
				CLANG_ANALYZER_NONNULL = YES;
				CLANG_ANALYZER_NUMBER_OBJECT_CONVERSION = YES_AGGRESSIVE;
				CLANG_CXX_LANGUAGE_STANDARD = "gnu++17";
				CLANG_CXX_LIBRARY = "libc++";
				CLANG_ENABLE_MODULES = YES;
				CLANG_ENABLE_OBJC_ARC = YES;
				CLANG_ENABLE_OBJC_WEAK = YES;
				CLANG_WARN_BLOCK_CAPTURE_AUTORELEASING = YES;
				CLANG_WARN_BOOL_CONVERSION = YES;
				CLANG_WARN_COMMA = YES;
				CLANG_WARN_CONSTANT_CONVERSION = YES;
				CLANG_WARN_DEPRECATED_OBJC_IMPLEMENTATIONS = YES;
				CLANG_WARN_DIRECT_OBJC_ISA_USAGE = YES_ERROR;
				CLANG_WARN_DOCUMENTATION_COMMENTS = YES;
				CLANG_WARN_EMPTY_BODY = YES;
				CLANG_WARN_ENUM_CONVERSION = YES;
				CLANG_WARN_INFINITE_RECURSION = YES;
				CLANG_WARN_INT_CONVERSION = YES;
				CLANG_WARN_NON_LITERAL_NULL_CONVERSION = YES;
				CLANG_WARN_OBJC_IMPLICIT_RETAIN_SELF = YES;
				CLANG_WARN_OBJC_LITERAL_CONVERSION = YES;
				CLANG_WARN_OBJC_ROOT_CLASS = YES_ERROR;
				CLANG_WARN_QUOTED_INCLUDE_IN_FRAMEWORK_HEADER = YES;
				CLANG_WARN_RANGE_LOOP_ANALYSIS = YES;
				CLANG_WARN_STRICT_PROTOTYPES = YES;
				CLANG_WARN_SUSPICIOUS_MOVE = YES;
				CLANG_WARN_UNGUARDED_AVAILABILITY = YES_AGGRESSIVE;
				CLANG_WARN_UNREACHABLE_CODE = YES;
				CLANG_WARN__DUPLICATE_METHOD_MATCH = YES;
				COPY_PHASE_STRIP = NO;
				DEBUG_INFORMATION_FORMAT = dwarf;
				ENABLE_STRICT_OBJC_MSGSEND = YES;
				ENABLE_TESTABILITY = YES;
				GCC_C_LANGUAGE_STANDARD = gnu11;
				GCC_DYNAMIC_NO_PIC = NO;
				GCC_NO_COMMON_BLOCKS = YES;
				GCC_OPTIMIZATION_LEVEL = 0;
				GCC_PREPROCESSOR_DEFINITIONS = (
					"DEBUG=1",
					"$(inherited)",
				);
				GCC_WARN_64_TO_32_BIT_CONVERSION = YES;
				GCC_WARN_ABOUT_RETURN_TYPE = YES_ERROR;
				GCC_WARN_UNDECLARED_SELECTOR = YES;
				GCC_WARN_UNINITIALIZED_AUTOS = YES_AGGRESSIVE;
				GCC_WARN_UNUSED_FUNCTION = YES;
				GCC_WARN_UNUSED_VARIABLE = YES;
				MACOSX_DEPLOYMENT_TARGET = 12.0;
				MTL_ENABLE_DEBUG_INFO = INCLUDE_SOURCE;
				MTL_FAST_MATH = YES;
				ONLY_ACTIVE_ARCH = YES;
				SDKROOT = macosx;
				SWIFT_ACTIVE_COMPILATION_CONDITIONS = DEBUG;
				SWIFT_OPTIMIZATION_LEVEL = "-Onone";
			};
			name = Debug;
		};
		81B21F3727570B820058B32A /* Release */ = {
			isa = XCBuildConfiguration;
			buildSettings = {
				ALWAYS_SEARCH_USER_PATHS = NO;
				CLANG_ANALYZER_NONNULL = YES;
				CLANG_ANALYZER_NUMBER_OBJECT_CONVERSION = YES_AGGRESSIVE;
				CLANG_CXX_LANGUAGE_STANDARD = "gnu++17";
				CLANG_CXX_LIBRARY = "libc++";
				CLANG_ENABLE_MODULES = YES;
				CLANG_ENABLE_OBJC_ARC = YES;
				CLANG_ENABLE_OBJC_WEAK = YES;
				CLANG_WARN_BLOCK_CAPTURE_AUTORELEASING = YES;
				CLANG_WARN_BOOL_CONVERSION = YES;
				CLANG_WARN_COMMA = YES;
				CLANG_WARN_CONSTANT_CONVERSION = YES;
				CLANG_WARN_DEPRECATED_OBJC_IMPLEMENTATIONS = YES;
				CLANG_WARN_DIRECT_OBJC_ISA_USAGE = YES_ERROR;
				CLANG_WARN_DOCUMENTATION_COMMENTS = YES;
				CLANG_WARN_EMPTY_BODY = YES;
				CLANG_WARN_ENUM_CONVERSION = YES;
				CLANG_WARN_INFINITE_RECURSION = YES;
				CLANG_WARN_INT_CONVERSION = YES;
				CLANG_WARN_NON_LITERAL_NULL_CONVERSION = YES;
				CLANG_WARN_OBJC_IMPLICIT_RETAIN_SELF = YES;
				CLANG_WARN_OBJC_LITERAL_CONVERSION = YES;
				CLANG_WARN_OBJC_ROOT_CLASS = YES_ERROR;
				CLANG_WARN_QUOTED_INCLUDE_IN_FRAMEWORK_HEADER = YES;
				CLANG_WARN_RANGE_LOOP_ANALYSIS = YES;
				CLANG_WARN_STRICT_PROTOTYPES = YES;
				CLANG_WARN_SUSPICIOUS_MOVE = YES;
				CLANG_WARN_UNGUARDED_AVAILABILITY = YES_AGGRESSIVE;
				CLANG_WARN_UNREACHABLE_CODE = YES;
				CLANG_WARN__DUPLICATE_METHOD_MATCH = YES;
				COPY_PHASE_STRIP = NO;
				DEBUG_INFORMATION_FORMAT = "dwarf-with-dsym";
				ENABLE_NS_ASSERTIONS = NO;
				ENABLE_STRICT_OBJC_MSGSEND = YES;
				GCC_C_LANGUAGE_STANDARD = gnu11;
				GCC_NO_COMMON_BLOCKS = YES;
				GCC_WARN_64_TO_32_BIT_CONVERSION = YES;
				GCC_WARN_ABOUT_RETURN_TYPE = YES_ERROR;
				GCC_WARN_UNDECLARED_SELECTOR = YES;
				GCC_WARN_UNINITIALIZED_AUTOS = YES_AGGRESSIVE;
				GCC_WARN_UNUSED_FUNCTION = YES;
				GCC_WARN_UNUSED_VARIABLE = YES;
				MACOSX_DEPLOYMENT_TARGET = 12.0;
				MTL_ENABLE_DEBUG_INFO = NO;
				MTL_FAST_MATH = YES;
				SDKROOT = macosx;
				SWIFT_COMPILATION_MODE = wholemodule;
				SWIFT_OPTIMIZATION_LEVEL = "-O";
			};
			name = Release;
		};
		81B21F3927570B820058B32A /* Debug */ = {
			isa = XCBuildConfiguration;
			buildSettings = {
				ASSETCATALOG_COMPILER_APPICON_NAME = AppIcon;
				ASSETCATALOG_COMPILER_GLOBAL_ACCENT_COLOR_NAME = AccentColor;
				CODE_SIGN_ENTITLEMENTS = Downloader/Downloader.entitlements;
				CODE_SIGN_IDENTITY = "-";
				CODE_SIGN_STYLE = Automatic;
				COMBINE_HIDPI_IMAGES = YES;
				CURRENT_PROJECT_VERSION = 1;
				DEVELOPMENT_ASSET_PATHS = "\"Downloader/Preview Content\"";
				ENABLE_HARDENED_RUNTIME = YES;
				ENABLE_PREVIEWS = YES;
				GENERATE_INFOPLIST_FILE = YES;
				INFOPLIST_KEY_LSApplicationCategoryType = "public.app-category.utilities";
				INFOPLIST_KEY_NSHumanReadableCopyright = "";
				LD_RUNPATH_SEARCH_PATHS = (
					"$(inherited)",
					"@executable_path/../Frameworks",
				);
				MACOSX_DEPLOYMENT_TARGET = 11.0;
				MARKETING_VERSION = 1.0;
				PRODUCT_BUNDLE_IDENTIFIER = com.Luca.Downloader;
				PRODUCT_NAME = "$(TARGET_NAME)";
				SWIFT_EMIT_LOC_STRINGS = YES;
				SWIFT_VERSION = 5.0;
			};
			name = Debug;
		};
		81B21F3A27570B820058B32A /* Release */ = {
			isa = XCBuildConfiguration;
			buildSettings = {
				ASSETCATALOG_COMPILER_APPICON_NAME = AppIcon;
				ASSETCATALOG_COMPILER_GLOBAL_ACCENT_COLOR_NAME = AccentColor;
				CODE_SIGN_ENTITLEMENTS = Downloader/Downloader.entitlements;
				CODE_SIGN_IDENTITY = "Apple Development";
				CODE_SIGN_STYLE = Automatic;
				COMBINE_HIDPI_IMAGES = YES;
				CURRENT_PROJECT_VERSION = 1;
				DEVELOPMENT_ASSET_PATHS = "\"Downloader/Preview Content\"";
				ENABLE_HARDENED_RUNTIME = YES;
				ENABLE_PREVIEWS = YES;
				GENERATE_INFOPLIST_FILE = YES;
				INFOPLIST_KEY_LSApplicationCategoryType = "public.app-category.utilities";
				INFOPLIST_KEY_NSHumanReadableCopyright = "";
				LD_RUNPATH_SEARCH_PATHS = (
					"$(inherited)",
					"@executable_path/../Frameworks",
				);
				MACOSX_DEPLOYMENT_TARGET = 11.0;
				MARKETING_VERSION = 1.0;
				PRODUCT_BUNDLE_IDENTIFIER = com.Luca.Downloader;
				PRODUCT_NAME = "$(TARGET_NAME)";
				SWIFT_EMIT_LOC_STRINGS = YES;
				SWIFT_VERSION = 5.0;
			};
			name = Release;
		};
		81B21F3C27570B820058B32A /* Debug */ = {
			isa = XCBuildConfiguration;
			buildSettings = {
				ALWAYS_EMBED_SWIFT_STANDARD_LIBRARIES = YES;
				BUNDLE_LOADER = "$(TEST_HOST)";
				CODE_SIGN_STYLE = Automatic;
				COMBINE_HIDPI_IMAGES = YES;
				CURRENT_PROJECT_VERSION = 1;
				GENERATE_INFOPLIST_FILE = YES;
				LD_RUNPATH_SEARCH_PATHS = (
					"$(inherited)",
					"@executable_path/../Frameworks",
					"@loader_path/../Frameworks",
				);
				MACOSX_DEPLOYMENT_TARGET = 12.0;
				MARKETING_VERSION = 1.0;
				PRODUCT_BUNDLE_IDENTIFIER = com.Luca.DownloaderTests;
				PRODUCT_NAME = "$(TARGET_NAME)";
				SWIFT_EMIT_LOC_STRINGS = NO;
				SWIFT_VERSION = 5.0;
				TEST_HOST = "$(BUILT_PRODUCTS_DIR)/Downloader.app/Contents/MacOS/Downloader";
			};
			name = Debug;
		};
		81B21F3D27570B820058B32A /* Release */ = {
			isa = XCBuildConfiguration;
			buildSettings = {
				ALWAYS_EMBED_SWIFT_STANDARD_LIBRARIES = YES;
				BUNDLE_LOADER = "$(TEST_HOST)";
				CODE_SIGN_STYLE = Automatic;
				COMBINE_HIDPI_IMAGES = YES;
				CURRENT_PROJECT_VERSION = 1;
				GENERATE_INFOPLIST_FILE = YES;
				LD_RUNPATH_SEARCH_PATHS = (
					"$(inherited)",
					"@executable_path/../Frameworks",
					"@loader_path/../Frameworks",
				);
				MACOSX_DEPLOYMENT_TARGET = 12.0;
				MARKETING_VERSION = 1.0;
				PRODUCT_BUNDLE_IDENTIFIER = com.Luca.DownloaderTests;
				PRODUCT_NAME = "$(TARGET_NAME)";
				SWIFT_EMIT_LOC_STRINGS = NO;
				SWIFT_VERSION = 5.0;
				TEST_HOST = "$(BUILT_PRODUCTS_DIR)/Downloader.app/Contents/MacOS/Downloader";
			};
			name = Release;
		};
		81B21F3F27570B820058B32A /* Debug */ = {
			isa = XCBuildConfiguration;
			buildSettings = {
				ALWAYS_EMBED_SWIFT_STANDARD_LIBRARIES = YES;
				CODE_SIGN_STYLE = Automatic;
				COMBINE_HIDPI_IMAGES = YES;
				CURRENT_PROJECT_VERSION = 1;
				GENERATE_INFOPLIST_FILE = YES;
				LD_RUNPATH_SEARCH_PATHS = (
					"$(inherited)",
					"@executable_path/../Frameworks",
					"@loader_path/../Frameworks",
				);
				MARKETING_VERSION = 1.0;
				PRODUCT_BUNDLE_IDENTIFIER = com.Luca.DownloaderUITests;
				PRODUCT_NAME = "$(TARGET_NAME)";
				SWIFT_EMIT_LOC_STRINGS = NO;
				SWIFT_VERSION = 5.0;
				TEST_TARGET_NAME = Downloader;
			};
			name = Debug;
		};
		81B21F4027570B820058B32A /* Release */ = {
			isa = XCBuildConfiguration;
			buildSettings = {
				ALWAYS_EMBED_SWIFT_STANDARD_LIBRARIES = YES;
				CODE_SIGN_STYLE = Automatic;
				COMBINE_HIDPI_IMAGES = YES;
				CURRENT_PROJECT_VERSION = 1;
				GENERATE_INFOPLIST_FILE = YES;
				LD_RUNPATH_SEARCH_PATHS = (
					"$(inherited)",
					"@executable_path/../Frameworks",
					"@loader_path/../Frameworks",
				);
				MARKETING_VERSION = 1.0;
				PRODUCT_BUNDLE_IDENTIFIER = com.Luca.DownloaderUITests;
				PRODUCT_NAME = "$(TARGET_NAME)";
				SWIFT_EMIT_LOC_STRINGS = NO;
				SWIFT_VERSION = 5.0;
				TEST_TARGET_NAME = Downloader;
			};
			name = Release;
		};
/* End XCBuildConfiguration section */

/* Begin XCConfigurationList section */
		81B21F0E27570B800058B32A /* Build configuration list for PBXProject "Downloader" */ = {
			isa = XCConfigurationList;
			buildConfigurations = (
				81B21F3627570B820058B32A /* Debug */,
				81B21F3727570B820058B32A /* Release */,
			);
			defaultConfigurationIsVisible = 0;
			defaultConfigurationName = Release;
		};
		81B21F3827570B820058B32A /* Build configuration list for PBXNativeTarget "Downloader" */ = {
			isa = XCConfigurationList;
			buildConfigurations = (
				81B21F3927570B820058B32A /* Debug */,
				81B21F3A27570B820058B32A /* Release */,
			);
			defaultConfigurationIsVisible = 0;
			defaultConfigurationName = Release;
		};
		81B21F3B27570B820058B32A /* Build configuration list for PBXNativeTarget "DownloaderTests" */ = {
			isa = XCConfigurationList;
			buildConfigurations = (
				81B21F3C27570B820058B32A /* Debug */,
				81B21F3D27570B820058B32A /* Release */,
			);
			defaultConfigurationIsVisible = 0;
			defaultConfigurationName = Release;
		};
		81B21F3E27570B820058B32A /* Build configuration list for PBXNativeTarget "DownloaderUITests" */ = {
			isa = XCConfigurationList;
			buildConfigurations = (
				81B21F3F27570B820058B32A /* Debug */,
				81B21F4027570B820058B32A /* Release */,
			);
			defaultConfigurationIsVisible = 0;
			defaultConfigurationName = Release;
		};
/* End XCConfigurationList section */

/* Begin XCRemoteSwiftPackageReference section */
		81B21F4127570B910058B32A /* XCRemoteSwiftPackageReference "PythonKit" */ = {
			isa = XCRemoteSwiftPackageReference;
			repositoryURL = "https://github.com/pvieito/PythonKit";
			requirement = {
				branch = master;
				kind = branch;
			};
		};
/* End XCRemoteSwiftPackageReference section */

/* Begin XCSwiftPackageProductDependency section */
		81B21F4227570B910058B32A /* PythonKit */ = {
			isa = XCSwiftPackageProductDependency;
			package = 81B21F4127570B910058B32A /* XCRemoteSwiftPackageReference "PythonKit" */;
			productName = PythonKit;
		};
/* End XCSwiftPackageProductDependency section */
	};
	rootObject = 81B21F0B27570B800058B32A /* Project object */;
}
